
Microsoft Visual Studio Solution File, Format Version 12.00
# Visual Studio Version 16
VisualStudioVersion = 16.0.31829.152
MinimumVisualStudioVersion = 10.0.40219.1
Project("{FAE04EC0-301F-11D3-BF4B-00C04F79EFBC}") = "Horadagua.Android", "Horadagua\Horadagua.Android\Horadagua.Android.csproj", "{A3EA25B2-C3F6-43FD-8FCF-1C35323D037C}"
EndProject
Project("{FAE04EC0-301F-11D3-BF4B-00C04F79EFBC}") = "Horadagua.iOS", "Horadagua\Horadagua.iOS\Horadagua.iOS.csproj", "{459C6350-3203-47F7-99A7-9C709D42FA2A}"
EndProject
Project("{FAE04EC0-301F-11D3-BF4B-00C04F79EFBC}") = "Horadagua", "Horadagua\Horadagua\Horadagua.csproj", "{6AE95E54-CA6C-4897-8F6D-158687DE37A7}"
EndProject
Global
	GlobalSection(SolutionConfigurationPlatforms) = preSolution
		Debug|Any CPU = Debug|Any CPU
		Debug|iPhone = Debug|iPhone
		Debug|iPhoneSimulator = Debug|iPhoneSimulator
		Release|Any CPU = Release|Any CPU
		Release|iPhone = Release|iPhone
		Release|iPhoneSimulator = Release|iPhoneSimulator
	EndGlobalSection
	GlobalSection(ProjectConfigurationPlatforms) = postSolution
		{A3EA25B2-C3F6-43FD-8FCF-1C35323D037C}.Debug|Any CPU.ActiveCfg = Debug|Any CPU
		{A3EA25B2-C3F6-43FD-8FCF-1C35323D037C}.Debug|Any CPU.Build.0 = Debug|Any CPU
		{A3EA25B2-C3F6-43FD-8FCF-1C35323D037C}.Debug|Any CPU.Deploy.0 = Debug|Any CPU
		{A3EA25B2-C3F6-43FD-8FCF-1C35323D037C}.Debug|iPhone.ActiveCfg = Debug|Any CPU
		{A3EA25B2-C3F6-43FD-8FCF-1C35323D037C}.Debug|iPhone.Build.0 = Debug|Any CPU
		{A3EA25B2-C3F6-43FD-8FCF-1C35323D037C}.Debug|iPhone.Deploy.0 = Debug|Any CPU
		{A3EA25B2-C3F6-43FD-8FCF-1C35323D037C}.Debug|iPhoneSimulator.ActiveCfg = Debug|Any CPU
		{A3EA25B2-C3F6-43FD-8FCF-1C35323D037C}.Debug|iPhoneSimulator.Build.0 = Debug|Any CPU
		{A3EA25B2-C3F6-43FD-8FCF-1C35323D037C}.Debug|iPhoneSimulator.Deploy.0 = Debug|Any CPU
		{A3EA25B2-C3F6-43FD-8FCF-1C35323D037C}.Release|Any CPU.ActiveCfg = Release|Any CPU
		{A3EA25B2-C3F6-43FD-8FCF-1C35323D037C}.Release|Any CPU.Build.0 = Release|Any CPU
		{A3EA25B2-C3F6-43FD-8FCF-1C35323D037C}.Release|Any CPU.Deploy.0 = Release|Any CPU
		{A3EA25B2-C3F6-43FD-8FCF-1C35323D037C}.Release|iPhone.ActiveCfg = Release|Any CPU
		{A3EA25B2-C3F6-43FD-8FCF-1C35323D037C}.Release|iPhone.Build.0 = Release|Any CPU
		{A3EA25B2-C3F6-43FD-8FCF-1C35323D037C}.Release|iPhone.Deploy.0 = Release|Any CPU
		{A3EA25B2-C3F6-43FD-8FCF-1C35323D037C}.Release|iPhoneSimulator.ActiveCfg = Release|Any CPU
		{A3EA25B2-C3F6-43FD-8FCF-1C35323D037C}.Release|iPhoneSimulator.Build.0 = Release|Any CPU
		{A3EA25B2-C3F6-43FD-8FCF-1C35323D037C}.Release|iPhoneSimulator.Deploy.0 = Release|Any CPU
		{459C6350-3203-47F7-99A7-9C709D42FA2A}.Debug|Any CPU.ActiveCfg = Debug|iPhone
		{459C6350-3203-47F7-99A7-9C709D42FA2A}.Debug|Any CPU.Build.0 = Debug|iPhone
		{459C6350-3203-47F7-99A7-9C709D42FA2A}.Debug|Any CPU.Deploy.0 = Debug|iPhone
		{459C6350-3203-47F7-99A7-9C709D42FA2A}.Debug|iPhone.ActiveCfg = Debug|iPhone
		{459C6350-3203-47F7-99A7-9C709D42FA2A}.Debug|iPhone.Build.0 = Debug|iPhone
		{459C6350-3203-47F7-99A7-9C709D42FA2A}.Debug|iPhone.Deploy.0 = Debug|iPhone
		{459C6350-3203-47F7-99A7-9C709D42FA2A}.Debug|iPhoneSimulator.ActiveCfg = Debug|iPhoneSimulator
		{459C6350-3203-47F7-99A7-9C709D42FA2A}.Debug|iPhoneSimulator.Build.0 = Debug|iPhoneSimulator
		{459C6350-3203-47F7-99A7-9C709D42FA2A}.Debug|iPhoneSimulator.Deploy.0 = Debug|iPhoneSimulator
		{459C6350-3203-47F7-99A7-9C709D42FA2A}.Release|Any CPU.ActiveCfg = Release|iPhoneSimulator
		{459C6350-3203-47F7-99A7-9C709D42FA2A}.Release|Any CPU.Build.0 = Release|iPhoneSimulator
		{459C6350-3203-47F7-99A7-9C709D42FA2A}.Release|Any CPU.Deploy.0 = Release|iPhoneSimulator
		{459C6350-3203-47F7-99A7-9C709D42FA2A}.Release|iPhone.ActiveCfg = Release|iPhone
		{459C6350-3203-47F7-99A7-9C709D42FA2A}.Release|iPhone.Build.0 = Release|iPhone
		{459C6350-3203-47F7-99A7-9C709D42FA2A}.Release|iPhone.Deploy.0 = Release|iPhone
		{459C6350-3203-47F7-99A7-9C709D42FA2A}.Release|iPhoneSimulator.ActiveCfg = Release|iPhoneSimulator
		{459C6350-3203-47F7-99A7-9C709D42FA2A}.Release|iPhoneSimulator.Build.0 = Release|iPhoneSimulator
		{459C6350-3203-47F7-99A7-9C709D42FA2A}.Release|iPhoneSimulator.Deploy.0 = Release|iPhoneSimulator
		{6AE95E54-CA6C-4897-8F6D-158687DE37A7}.Debug|Any CPU.ActiveCfg = Debug|Any CPU
		{6AE95E54-CA6C-4897-8F6D-158687DE37A7}.Debug|Any CPU.Build.0 = Debug|Any CPU
		{6AE95E54-CA6C-4897-8F6D-158687DE37A7}.Debug|Any CPU.Deploy.0 = Debug|Any CPU
		{6AE95E54-CA6C-4897-8F6D-158687DE37A7}.Debug|iPhone.ActiveCfg = Debug|Any CPU
		{6AE95E54-CA6C-4897-8F6D-158687DE37A7}.Debug|iPhone.Build.0 = Debug|Any CPU
		{6AE95E54-CA6C-4897-8F6D-158687DE37A7}.Debug|iPhone.Deploy.0 = Debug|Any CPU
		{6AE95E54-CA6C-4897-8F6D-158687DE37A7}.Debug|iPhoneSimulator.ActiveCfg = Debug|Any CPU
		{6AE95E54-CA6C-4897-8F6D-158687DE37A7}.Debug|iPhoneSimulator.Build.0 = Debug|Any CPU
		{6AE95E54-CA6C-4897-8F6D-158687DE37A7}.Debug|iPhoneSimulator.Deploy.0 = Debug|Any CPU
		{6AE95E54-CA6C-4897-8F6D-158687DE37A7}.Release|Any CPU.ActiveCfg = Release|Any CPU
		{6AE95E54-CA6C-4897-8F6D-158687DE37A7}.Release|Any CPU.Build.0 = Release|Any CPU
		{6AE95E54-CA6C-4897-8F6D-158687DE37A7}.Release|Any CPU.Deploy.0 = Release|Any CPU
		{6AE95E54-CA6C-4897-8F6D-158687DE37A7}.Release|iPhone.ActiveCfg = Release|Any CPU
		{6AE95E54-CA6C-4897-8F6D-158687DE37A7}.Release|iPhone.Build.0 = Release|Any CPU
		{6AE95E54-CA6C-4897-8F6D-158687DE37A7}.Release|iPhone.Deploy.0 = Release|Any CPU
		{6AE95E54-CA6C-4897-8F6D-158687DE37A7}.Release|iPhoneSimulator.ActiveCfg = Release|Any CPU
		{6AE95E54-CA6C-4897-8F6D-158687DE37A7}.Release|iPhoneSimulator.Build.0 = Release|Any CPU
		{6AE95E54-CA6C-4897-8F6D-158687DE37A7}.Release|iPhoneSimulator.Deploy.0 = Release|Any CPU
	EndGlobalSection
	GlobalSection(SolutionProperties) = preSolution
		HideSolutionNode = FALSE
	EndGlobalSection
	GlobalSection(ExtensibilityGlobals) = postSolution
		SolutionGuid = {98B4DC96-8DFA-4F30-9766-413B1A8662D7}
	EndGlobalSection
EndGlobal
